
Microsoft Visual Studio Solution File, Format Version 12.00
# Visual Studio Version 17
VisualStudioVersion = 17.0.31903.59
MinimumVisualStudioVersion = 10.0.40219.1
Project("{2150E333-8FDC-42A3-9474-1A3956D46DE8}") = "src", "src", "{C2899C12-E89B-40DD-B222-FF086230F082}"
EndProject
Project("{FAE04EC0-301F-11D3-BF4B-00C04F79EFBC}") = "Liveolator.Core", "src\Liveolator.Core\Liveolator.Core.csproj", "{4F14DCF7-DE4D-4610-9B62-1A9F8B92DF8C}"
EndProject
Project("{2150E333-8FDC-42A3-9474-1A3956D46DE8}") = "tests", "tests", "{1A969337-FD32-4F2E-AACD-3D3677CE198D}"
EndProject
Project("{FAE04EC0-301F-11D3-BF4B-00C04F79EFBC}") = "Liveolator.Core.Tests", "tests\Liveolator.Core.Tests\Liveolator.Core.Tests.csproj", "{B1ADB97F-92FE-4239-94CD-348F1093D535}"
EndProject
Project("{FAE04EC0-301F-11D3-BF4B-00C04F79EFBC}") = "Liveolator.App", "src\Liveolator.App\Liveolator.App.csproj", "{A49A0185-5D98-4A42-9DA7-91B09F3AC702}"
EndProject
Project("{FAE04EC0-301F-11D3-BF4B-00C04F79EFBC}") = "Liveolator.App.Tests", "tests\Liveolator.App.Tests\Liveolator.App.Tests.csproj", "{9FC903DA-5E7F-40E4-ADF4-045C104A83D3}"
EndProject
Project("{FAE04EC0-301F-11D3-BF4B-00C04F79EFBC}") = "Liveolator.Platform", "src\Liveolator.Platform\Liveolator.Platform.csproj", "{DF9D4B59-F85D-4E1D-BB26-36B7C3A47DC3}"
EndProject
Project("{FAE04EC0-301F-11D3-BF4B-00C04F79EFBC}") = "Liveolator.Audio", "src\Liveolator.Audio\Liveolator.Audio.csproj", "{317481CA-E2FE-414C-A364-5359ECF6F0EF}"
EndProject
Project("{FAE04EC0-301F-11D3-BF4B-00C04F79EFBC}") = "Liveolator.Integration.Tests", "tests\Liveolator.Integration.Tests\Liveolator.Integration.Tests.csproj", "{B9CD8A3C-400F-4F29-8138-9594F609CDC6}"
EndProject
Project("{FAE04EC0-301F-11D3-BF4B-00C04F79EFBC}") = "Liveolator.Media", "src\Liveolator.Media\Liveolator.Media.csproj", "{FDFD6F32-4F8F-492B-B48B-089C438F9439}"
EndProject
Project("{FAE04EC0-301F-11D3-BF4B-00C04F79EFBC}") = "Liveolator.Mcp", "src\Liveolator.Mcp\Liveolator.Mcp.csproj", "{ADCDD77B-6D50-41EA-82E1-8042A7AC1D12}"
EndProject
Project("{FAE04EC0-301F-11D3-BF4B-00C04F79EFBC}") = "Liveolator.Audio.Tests", "tests\Liveolator.Audio.Tests\Liveolator.Audio.Tests.csproj", "{3AFEAF70-882F-4EA6-9FEF-CD0B82793CE2}"
EndProject
Project("{FAE04EC0-301F-11D3-BF4B-00C04F79EFBC}") = "Liveolator.Media.Tests", "tests\Liveolator.Media.Tests\Liveolator.Media.Tests.csproj", "{F60ECBEB-F512-4946-9FF0-80A803A4AB9B}"
EndProject
Project("{FAE04EC0-301F-11D3-BF4B-00C04F79EFBC}") = "Liveolator.Visuals", "src\Liveolator.Visuals\Liveolator.Visuals.csproj", "{05519521-29C9-4243-A763-ADC50CAEF4AB}"
EndProject
Project("{FAE04EC0-301F-11D3-BF4B-00C04F79EFBC}") = "Liveolator.Visuals.Tests", "tests\Liveolator.Visuals.Tests\Liveolator.Visuals.Tests.csproj", "{E2DB47CC-B044-49D6-93B7-C77418311681}"
EndProject
Project("{FAE04EC0-301F-11D3-BF4B-00C04F79EFBC}") = "Liveolator.Midi", "src\Liveolator.Midi\Liveolator.Midi.csproj", "{B7E2C1A4-3F5D-4A9B-8C2E-1D6F0A9B4C7E}"
EndProject
Project("{FAE04EC0-301F-11D3-BF4B-00C04F79EFBC}") = "Liveolator.Midi.Tests", "tests\Liveolator.Midi.Tests\Liveolator.Midi.Tests.csproj", "{C8F3D2B5-4A6E-5B0C-9D3F-2E7A1B0C5D8F}"
EndProject
Project("{FAE04EC0-301F-11D3-BF4B-00C04F79EFBC}") = "Liveolator.Online", "src\Liveolator.Online\Liveolator.Online.csproj", "{A2F8C95F-A94D-40F4-9587-CDF9245DC3AD}"
EndProject
Project("{FAE04EC0-301F-11D3-BF4B-00C04F79EFBC}") = "Liveolator.Online.Tests", "tests\Liveolator.Online.Tests\Liveolator.Online.Tests.csproj", "{DF56CD16-FA73-4245-BF23-E4B079168E33}"
EndProject
Global
	GlobalSection(SolutionConfigurationPlatforms) = preSolution
		Debug|Any CPU = Debug|Any CPU
		Release|Any CPU = Release|Any CPU
	EndGlobalSection
	GlobalSection(SolutionProperties) = preSolution
		HideSolutionNode = FALSE
	EndGlobalSection
	GlobalSection(ProjectConfigurationPlatforms) = postSolution
		{4F14DCF7-DE4D-4610-9B62-1A9F8B92DF8C}.Debug|Any CPU.ActiveCfg = Debug|Any CPU
		{4F14DCF7-DE4D-4610-9B62-1A9F8B92DF8C}.Debug|Any CPU.Build.0 = Debug|Any CPU
		{4F14DCF7-DE4D-4610-9B62-1A9F8B92DF8C}.Release|Any CPU.ActiveCfg = Release|Any CPU
		{4F14DCF7-DE4D-4610-9B62-1A9F8B92DF8C}.Release|Any CPU.Build.0 = Release|Any CPU
		{B1ADB97F-92FE-4239-94CD-348F1093D535}.Debug|Any CPU.ActiveCfg = Debug|Any CPU
		{B1ADB97F-92FE-4239-94CD-348F1093D535}.Debug|Any CPU.Build.0 = Debug|Any CPU
		{B1ADB97F-92FE-4239-94CD-348F1093D535}.Release|Any CPU.ActiveCfg = Release|Any CPU
		{B1ADB97F-92FE-4239-94CD-348F1093D535}.Release|Any CPU.Build.0 = Release|Any CPU
		{A49A0185-5D98-4A42-9DA7-91B09F3AC702}.Debug|Any CPU.ActiveCfg = Debug|Any CPU
		{A49A0185-5D98-4A42-9DA7-91B09F3AC702}.Debug|Any CPU.Build.0 = Debug|Any CPU
		{A49A0185-5D98-4A42-9DA7-91B09F3AC702}.Release|Any CPU.ActiveCfg = Release|Any CPU
		{A49A0185-5D98-4A42-9DA7-91B09F3AC702}.Release|Any CPU.Build.0 = Release|Any CPU
		{9FC903DA-5E7F-40E4-ADF4-045C104A83D3}.Debug|Any CPU.ActiveCfg = Debug|Any CPU
		{9FC903DA-5E7F-40E4-ADF4-045C104A83D3}.Debug|Any CPU.Build.0 = Debug|Any CPU
		{9FC903DA-5E7F-40E4-ADF4-045C104A83D3}.Release|Any CPU.ActiveCfg = Release|Any CPU
		{9FC903DA-5E7F-40E4-ADF4-045C104A83D3}.Release|Any CPU.Build.0 = Release|Any CPU
		{DF9D4B59-F85D-4E1D-BB26-36B7C3A47DC3}.Debug|Any CPU.ActiveCfg = Debug|Any CPU
		{DF9D4B59-F85D-4E1D-BB26-36B7C3A47DC3}.Debug|Any CPU.Build.0 = Debug|Any CPU
		{DF9D4B59-F85D-4E1D-BB26-36B7C3A47DC3}.Release|Any CPU.ActiveCfg = Release|Any CPU
		{DF9D4B59-F85D-4E1D-BB26-36B7C3A47DC3}.Release|Any CPU.Build.0 = Release|Any CPU
		{317481CA-E2FE-414C-A364-5359ECF6F0EF}.Debug|Any CPU.ActiveCfg = Debug|Any CPU
		{317481CA-E2FE-414C-A364-5359ECF6F0EF}.Debug|Any CPU.Build.0 = Debug|Any CPU
		{317481CA-E2FE-414C-A364-5359ECF6F0EF}.Release|Any CPU.ActiveCfg = Release|Any CPU
		{317481CA-E2FE-414C-A364-5359ECF6F0EF}.Release|Any CPU.Build.0 = Release|Any CPU
		{B9CD8A3C-400F-4F29-8138-9594F609CDC6}.Debug|Any CPU.ActiveCfg = Debug|Any CPU
		{B9CD8A3C-400F-4F29-8138-9594F609CDC6}.Debug|Any CPU.Build.0 = Debug|Any CPU
		{B9CD8A3C-400F-4F29-8138-9594F609CDC6}.Release|Any CPU.ActiveCfg = Release|Any CPU
		{B9CD8A3C-400F-4F29-8138-9594F609CDC6}.Release|Any CPU.Build.0 = Release|Any CPU
		{FDFD6F32-4F8F-492B-B48B-089C438F9439}.Debug|Any CPU.ActiveCfg = Debug|Any CPU
		{FDFD6F32-4F8F-492B-B48B-089C438F9439}.Debug|Any CPU.Build.0 = Debug|Any CPU
		{FDFD6F32-4F8F-492B-B48B-089C438F9439}.Release|Any CPU.ActiveCfg = Release|Any CPU
		{FDFD6F32-4F8F-492B-B48B-089C438F9439}.Release|Any CPU.Build.0 = Release|Any CPU
		{ADCDD77B-6D50-41EA-82E1-8042A7AC1D12}.Debug|Any CPU.ActiveCfg = Debug|Any CPU
		{ADCDD77B-6D50-41EA-82E1-8042A7AC1D12}.Debug|Any CPU.Build.0 = Debug|Any CPU
		{ADCDD77B-6D50-41EA-82E1-8042A7AC1D12}.Release|Any CPU.ActiveCfg = Release|Any CPU
		{ADCDD77B-6D50-41EA-82E1-8042A7AC1D12}.Release|Any CPU.Build.0 = Release|Any CPU
		{3AFEAF70-882F-4EA6-9FEF-CD0B82793CE2}.Debug|Any CPU.ActiveCfg = Debug|Any CPU
		{3AFEAF70-882F-4EA6-9FEF-CD0B82793CE2}.Debug|Any CPU.Build.0 = Debug|Any CPU
		{3AFEAF70-882F-4EA6-9FEF-CD0B82793CE2}.Release|Any CPU.ActiveCfg = Release|Any CPU
		{3AFEAF70-882F-4EA6-9FEF-CD0B82793CE2}.Release|Any CPU.Build.0 = Release|Any CPU
		{F60ECBEB-F512-4946-9FF0-80A803A4AB9B}.Debug|Any CPU.ActiveCfg = Debug|Any CPU
		{F60ECBEB-F512-4946-9FF0-80A803A4AB9B}.Debug|Any CPU.Build.0 = Debug|Any CPU
		{F60ECBEB-F512-4946-9FF0-80A803A4AB9B}.Release|Any CPU.ActiveCfg = Release|Any CPU
		{F60ECBEB-F512-4946-9FF0-80A803A4AB9B}.Release|Any CPU.Build.0 = Release|Any CPU
		{05519521-29C9-4243-A763-ADC50CAEF4AB}.Debug|Any CPU.ActiveCfg = Debug|Any CPU
		{05519521-29C9-4243-A763-ADC50CAEF4AB}.Debug|Any CPU.Build.0 = Debug|Any CPU
		{05519521-29C9-4243-A763-ADC50CAEF4AB}.Release|Any CPU.ActiveCfg = Release|Any CPU
		{05519521-29C9-4243-A763-ADC50CAEF4AB}.Release|Any CPU.Build.0 = Release|Any CPU
		{E2DB47CC-B044-49D6-93B7-C77418311681}.Debug|Any CPU.ActiveCfg = Debug|Any CPU
		{E2DB47CC-B044-49D6-93B7-C77418311681}.Debug|Any CPU.Build.0 = Debug|Any CPU
		{E2DB47CC-B044-49D6-93B7-C77418311681}.Release|Any CPU.ActiveCfg = Release|Any CPU
		{E2DB47CC-B044-49D6-93B7-C77418311681}.Release|Any CPU.Build.0 = Release|Any CPU
		{B7E2C1A4-3F5D-4A9B-8C2E-1D6F0A9B4C7E}.Debug|Any CPU.ActiveCfg = Debug|Any CPU
		{B7E2C1A4-3F5D-4A9B-8C2E-1D6F0A9B4C7E}.Debug|Any CPU.Build.0 = Debug|Any CPU
		{B7E2C1A4-3F5D-4A9B-8C2E-1D6F0A9B4C7E}.Release|Any CPU.ActiveCfg = Release|Any CPU
		{B7E2C1A4-3F5D-4A9B-8C2E-1D6F0A9B4C7E}.Release|Any CPU.Build.0 = Release|Any CPU
		{C8F3D2B5-4A6E-5B0C-9D3F-2E7A1B0C5D8F}.Debug|Any CPU.ActiveCfg = Debug|Any CPU
		{C8F3D2B5-4A6E-5B0C-9D3F-2E7A1B0C5D8F}.Debug|Any CPU.Build.0 = Debug|Any CPU
		{C8F3D2B5-4A6E-5B0C-9D3F-2E7A1B0C5D8F}.Release|Any CPU.ActiveCfg = Release|Any CPU
		{C8F3D2B5-4A6E-5B0C-9D3F-2E7A1B0C5D8F}.Release|Any CPU.Build.0 = Release|Any CPU
		{A2F8C95F-A94D-40F4-9587-CDF9245DC3AD}.Debug|Any CPU.ActiveCfg = Debug|Any CPU
		{A2F8C95F-A94D-40F4-9587-CDF9245DC3AD}.Debug|Any CPU.Build.0 = Debug|Any CPU
		{A2F8C95F-A94D-40F4-9587-CDF9245DC3AD}.Release|Any CPU.ActiveCfg = Release|Any CPU
		{A2F8C95F-A94D-40F4-9587-CDF9245DC3AD}.Release|Any CPU.Build.0 = Release|Any CPU
		{DF56CD16-FA73-4245-BF23-E4B079168E33}.Debug|Any CPU.ActiveCfg = Debug|Any CPU
		{DF56CD16-FA73-4245-BF23-E4B079168E33}.Debug|Any CPU.Build.0 = Debug|Any CPU
		{DF56CD16-FA73-4245-BF23-E4B079168E33}.Release|Any CPU.ActiveCfg = Release|Any CPU
		{DF56CD16-FA73-4245-BF23-E4B079168E33}.Release|Any CPU.Build.0 = Release|Any CPU
	EndGlobalSection
	GlobalSection(NestedProjects) = preSolution
		{4F14DCF7-DE4D-4610-9B62-1A9F8B92DF8C} = {C2899C12-E89B-40DD-B222-FF086230F082}
		{B1ADB97F-92FE-4239-94CD-348F1093D535} = {1A969337-FD32-4F2E-AACD-3D3677CE198D}
		{A49A0185-5D98-4A42-9DA7-91B09F3AC702} = {C2899C12-E89B-40DD-B222-FF086230F082}
		{9FC903DA-5E7F-40E4-ADF4-045C104A83D3} = {1A969337-FD32-4F2E-AACD-3D3677CE198D}
		{DF9D4B59-F85D-4E1D-BB26-36B7C3A47DC3} = {C2899C12-E89B-40DD-B222-FF086230F082}
		{317481CA-E2FE-414C-A364-5359ECF6F0EF} = {C2899C12-E89B-40DD-B222-FF086230F082}
		{B9CD8A3C-400F-4F29-8138-9594F609CDC6} = {1A969337-FD32-4F2E-AACD-3D3677CE198D}
		{FDFD6F32-4F8F-492B-B48B-089C438F9439} = {C2899C12-E89B-40DD-B222-FF086230F082}
		{ADCDD77B-6D50-41EA-82E1-8042A7AC1D12} = {C2899C12-E89B-40DD-B222-FF086230F082}
		{3AFEAF70-882F-4EA6-9FEF-CD0B82793CE2} = {1A969337-FD32-4F2E-AACD-3D3677CE198D}
		{F60ECBEB-F512-4946-9FF0-80A803A4AB9B} = {1A969337-FD32-4F2E-AACD-3D3677CE198D}
		{05519521-29C9-4243-A763-ADC50CAEF4AB} = {C2899C12-E89B-40DD-B222-FF086230F082}
		{E2DB47CC-B044-49D6-93B7-C77418311681} = {1A969337-FD32-4F2E-AACD-3D3677CE198D}
		{B7E2C1A4-3F5D-4A9B-8C2E-1D6F0A9B4C7E} = {C2899C12-E89B-40DD-B222-FF086230F082}
		{C8F3D2B5-4A6E-5B0C-9D3F-2E7A1B0C5D8F} = {1A969337-FD32-4F2E-AACD-3D3677CE198D}
		{A2F8C95F-A94D-40F4-9587-CDF9245DC3AD} = {C2899C12-E89B-40DD-B222-FF086230F082}
		{DF56CD16-FA73-4245-BF23-E4B079168E33} = {1A969337-FD32-4F2E-AACD-3D3677CE198D}
	EndGlobalSection
EndGlobal
